
Microsoft Visual Studio Solution File, Format Version 12.00
# Visual Studio Version 17
VisualStudioVersion = 17.14.36408.4
MinimumVisualStudioVersion = 10.0.40219.1
Project("{8BC9CEB8-8B4A-11D0-8D11-00A0C91BC942}") = "Union", "Union\Union.vcxproj", "{9F06E26E-BAB1-4D3B-B302-7E3F932EDD68}"
EndProject
Project("{8BC9CEB8-8B4A-11D0-8D11-00A0C91BC942}") = "pch", "pch\pch.vcxproj", "{E61892C1-E794-454F-A2AC-F93E4B4400C8}"
EndProject
Project("{2150E333-8FDC-42A3-9474-1A3956D46DE8}") = "Solution Items", "Solution Items", "{02EA681E-C7D8-13C7-8484-4AC65E1B71E8}"
	ProjectSection(SolutionItems) = preProject
		.editorconfig = .editorconfig
		CODEOWNER = CODEOWNER
		README.md = README.md
	EndProjectSection
EndProject
Project("{8BC9CEB8-8B4A-11D0-8D11-00A0C91BC942}") = "demo", "demo\demo.vcxproj", "{D414F72C-B2B2-49E5-B889-0E0FC50F8301}"
EndProject
Project("{2150E333-8FDC-42A3-9474-1A3956D46DE8}") = "release", "release", "{F3E47D0A-039F-4345-99E7-706045586A94}"
EndProject
Project("{2150E333-8FDC-42A3-9474-1A3956D46DE8}") = "include", "include", "{416DF4EB-DA53-48C6-AD2C-2FB07EC74E11}"
	ProjectSection(SolutionItems) = preProject
		release\include\Union.h = release\include\Union.h
	EndProjectSection
EndProject
Project("{2150E333-8FDC-42A3-9474-1A3956D46DE8}") = "scripts", "scripts", "{0AAFD742-0712-43E3-A94B-C453ED7208F6}"
	ProjectSection(SolutionItems) = preProject
		release\scripts\merge_headers.py = release\scripts\merge_headers.py
	EndProjectSection
EndProject
Project("{2150E333-8FDC-42A3-9474-1A3956D46DE8}") = "lib", "lib", "{28F6C67E-A418-4366-BB25-EA960725EDED}"
	ProjectSection(SolutionItems) = preProject
		release\lib\Union.lib = release\lib\Union.lib
		release\lib\Union.pdb = release\lib\Union.pdb
	EndProjectSection
EndProject
Project("{2150E333-8FDC-42A3-9474-1A3956D46DE8}") = "debug", "debug", "{6A903DBE-8294-47EB-84B5-4DFC02244434}"
	ProjectSection(SolutionItems) = preProject
		release\lib\debug\Union.idb = release\lib\debug\Union.idb
		release\lib\debug\Union.lib = release\lib\debug\Union.lib
		release\lib\debug\Union.pdb = release\lib\debug\Union.pdb
	EndProjectSection
EndProject
Global
	GlobalSection(SolutionConfigurationPlatforms) = preSolution
		Debug|x64 = Debug|x64
		Debug|x86 = Debug|x86
		Release|x64 = Release|x64
		Release|x86 = Release|x86
	EndGlobalSection
	GlobalSection(ProjectConfigurationPlatforms) = postSolution
		{9F06E26E-BAB1-4D3B-B302-7E3F932EDD68}.Debug|x64.ActiveCfg = Debug|x64
		{9F06E26E-BAB1-4D3B-B302-7E3F932EDD68}.Debug|x64.Build.0 = Debug|x64
		{9F06E26E-BAB1-4D3B-B302-7E3F932EDD68}.Debug|x86.ActiveCfg = Debug|Win32
		{9F06E26E-BAB1-4D3B-B302-7E3F932EDD68}.Debug|x86.Build.0 = Debug|Win32
		{9F06E26E-BAB1-4D3B-B302-7E3F932EDD68}.Release|x64.ActiveCfg = Release|x64
		{9F06E26E-BAB1-4D3B-B302-7E3F932EDD68}.Release|x64.Build.0 = Release|x64
		{9F06E26E-BAB1-4D3B-B302-7E3F932EDD68}.Release|x86.ActiveCfg = Release|Win32
		{9F06E26E-BAB1-4D3B-B302-7E3F932EDD68}.Release|x86.Build.0 = Release|Win32
		{E61892C1-E794-454F-A2AC-F93E4B4400C8}.Debug|x64.ActiveCfg = Debug|x64
		{E61892C1-E794-454F-A2AC-F93E4B4400C8}.Debug|x64.Build.0 = Debug|x64
		{E61892C1-E794-454F-A2AC-F93E4B4400C8}.Debug|x86.ActiveCfg = Debug|Win32
		{E61892C1-E794-454F-A2AC-F93E4B4400C8}.Debug|x86.Build.0 = Debug|Win32
		{E61892C1-E794-454F-A2AC-F93E4B4400C8}.Release|x64.ActiveCfg = Release|x64
		{E61892C1-E794-454F-A2AC-F93E4B4400C8}.Release|x64.Build.0 = Release|x64
		{E61892C1-E794-454F-A2AC-F93E4B4400C8}.Release|x86.ActiveCfg = Release|Win32
		{E61892C1-E794-454F-A2AC-F93E4B4400C8}.Release|x86.Build.0 = Release|Win32
		{D414F72C-B2B2-49E5-B889-0E0FC50F8301}.Debug|x64.ActiveCfg = Debug|x64
		{D414F72C-B2B2-49E5-B889-0E0FC50F8301}.Debug|x64.Build.0 = Debug|x64
		{D414F72C-B2B2-49E5-B889-0E0FC50F8301}.Debug|x86.ActiveCfg = Debug|Win32
		{D414F72C-B2B2-49E5-B889-0E0FC50F8301}.Debug|x86.Build.0 = Debug|Win32
		{D414F72C-B2B2-49E5-B889-0E0FC50F8301}.Release|x64.ActiveCfg = Release|x64
		{D414F72C-B2B2-49E5-B889-0E0FC50F8301}.Release|x64.Build.0 = Release|x64
		{D414F72C-B2B2-49E5-B889-0E0FC50F8301}.Release|x86.ActiveCfg = Release|Win32
		{D414F72C-B2B2-49E5-B889-0E0FC50F8301}.Release|x86.Build.0 = Release|Win32
	EndGlobalSection
	GlobalSection(SolutionProperties) = preSolution
		HideSolutionNode = FALSE
	EndGlobalSection
	GlobalSection(NestedProjects) = preSolution
		{416DF4EB-DA53-48C6-AD2C-2FB07EC74E11} = {F3E47D0A-039F-4345-99E7-706045586A94}
		{0AAFD742-0712-43E3-A94B-C453ED7208F6} = {F3E47D0A-039F-4345-99E7-706045586A94}
		{28F6C67E-A418-4366-BB25-EA960725EDED} = {F3E47D0A-039F-4345-99E7-706045586A94}
		{6A903DBE-8294-47EB-84B5-4DFC02244434} = {28F6C67E-A418-4366-BB25-EA960725EDED}
	EndGlobalSection
	GlobalSection(ExtensibilityGlobals) = postSolution
		SolutionGuid = {05C8EAF8-77C2-4AEF-BDB7-D0454D783843}
	EndGlobalSection
EndGlobal
