<?xml version="1.0" encoding="utf-8"?>
<Project ToolsVersion="4.0" xmlns="http://schemas.microsoft.com/developer/msbuild/2003">
  <ItemGroup>
    <Filter Include="archivist">
      <UniqueIdentifier>{c0ad5098-ca16-43a9-8848-05d0890eb085}</UniqueIdentifier>
    </Filter>
    <Filter Include="assistant">
      <UniqueIdentifier>{1980ef56-f51c-4155-b2e5-b70cf485b51f}</UniqueIdentifier>
    </Filter>
    <Filter Include="exceptions">
      <UniqueIdentifier>{4e241908-c47c-429e-a40e-08f4628f9053}</UniqueIdentifier>
    </Filter>
    <Filter Include="expressman">
      <UniqueIdentifier>{3a6b1f4e-325c-4a89-8831-546aaadfaf93}</UniqueIdentifier>
    </Filter>
    <Filter Include="framework">
      <UniqueIdentifier>{a3910d1b-c00f-429d-a866-13eeb7716c7d}</UniqueIdentifier>
    </Filter>
    <Filter Include="labourer">
      <UniqueIdentifier>{37d2b6d6-4f9b-40a6-b448-8567d7bb5f29}</UniqueIdentifier>
    </Filter>
    <Filter Include="referee">
      <UniqueIdentifier>{9560048a-02ac-4da5-aa55-e975c92f12b9}</UniqueIdentifier>
    </Filter>
    <Filter Include="secretary">
      <UniqueIdentifier>{c8a6a01b-75fb-43f1-b847-2020421927f4}</UniqueIdentifier>
    </Filter>
    <Filter Include="commander">
      <UniqueIdentifier>{b0da66aa-8484-4451-aa24-4d9c05bc1da5}</UniqueIdentifier>
    </Filter>
  </ItemGroup>
  <ItemGroup>
    <ClInclude Include="assistant_exception.h">
      <Filter>exceptions</Filter>
    </ClInclude>
    <ClInclude Include="background.h">
      <Filter>labourer</Filter>
    </ClInclude>
    <ClInclude Include="basic_mailbox.h">
      <Filter>expressman</Filter>
    </ClInclude>
    <ClInclude Include="basic_mailrouter.h">
      <Filter>expressman</Filter>
    </ClInclude>
    <ClInclude Include="basic_mailsender.h">
      <Filter>expressman</Filter>
    </ClInclude>
    <ClInclude Include="concepts.h">
      <Filter>framework</Filter>
    </ClInclude>
    <ClInclude Include="datetime.h">
      <Filter>assistant</Filter>
    </ClInclude>
    <ClInclude Include="expressman_exception.h">
      <Filter>exceptions</Filter>
    </ClInclude>
    <ClInclude Include="expressman_interfaces.h">
      <Filter>expressman</Filter>
    </ClInclude>
    <ClInclude Include="framework.h">
      <Filter>framework</Filter>
    </ClInclude>
    <ClInclude Include="iExceptionBase.h">
      <Filter>referee</Filter>
    </ClInclude>
    <ClInclude Include="labourer_exception.h">
      <Filter>exceptions</Filter>
    </ClInclude>
    <ClInclude Include="libID.h">
      <Filter>framework</Filter>
    </ClInclude>
    <ClInclude Include="PrintCenter.h">
      <Filter>secretary</Filter>
    </ClInclude>
    <ClInclude Include="log.h">
      <Filter>secretary</Filter>
    </ClInclude>
    <ClInclude Include="progress.h">
      <Filter>secretary</Filter>
    </ClInclude>
    <ClInclude Include="ThreadLake.h">
      <Filter>labourer</Filter>
    </ClInclude>
    <ClInclude Include="secretary_exception.h">
      <Filter>exceptions</Filter>
    </ClInclude>
    <ClInclude Include="shared_container_base.h">
      <Filter>labourer</Filter>
    </ClInclude>
    <ClInclude Include="utility.h">
      <Filter>assistant</Filter>
    </ClInclude>
    <ClInclude Include="astring.h">
      <Filter>framework</Filter>
    </ClInclude>
    <ClInclude Include="logger.h">
      <Filter>secretary</Filter>
    </ClInclude>
    <ClInclude Include="Command.h">
      <Filter>commander</Filter>
    </ClInclude>
    <ClInclude Include="commander_exception.h">
      <Filter>exceptions</Filter>
    </ClInclude>
    <ClInclude Include="ScanCenter.h">
      <Filter>secretary</Filter>
    </ClInclude>
    <ClInclude Include="secretary_streambuf.h">
      <Filter>secretary</Filter>
    </ClInclude>
    <ClInclude Include="write_first_mutex.h">
      <Filter>labourer</Filter>
    </ClInclude>
    <ClInclude Include="factory.h">
      <Filter>expressman</Filter>
    </ClInclude>
  </ItemGroup>
  <ItemGroup>
    <ClCompile Include="assistant_exception.cpp">
      <Filter>exceptions</Filter>
    </ClCompile>
    <ClCompile Include="background.cpp">
      <Filter>labourer</Filter>
    </ClCompile>
    <ClCompile Include="datetime.cpp">
      <Filter>assistant</Filter>
    </ClCompile>
    <ClCompile Include="expressman_exception.cpp">
      <Filter>exceptions</Filter>
    </ClCompile>
    <ClCompile Include="expressman_interfaces.cpp">
      <Filter>expressman</Filter>
    </ClCompile>
    <ClCompile Include="iExceptionBase.cpp">
      <Filter>referee</Filter>
    </ClCompile>
    <ClCompile Include="labourer_exception.cpp">
      <Filter>exceptions</Filter>
    </ClCompile>
    <ClCompile Include="PrintCenter.cpp">
      <Filter>secretary</Filter>
    </ClCompile>
    <ClCompile Include="log.cpp">
      <Filter>secretary</Filter>
    </ClCompile>
    <ClCompile Include="progress.cpp">
      <Filter>secretary</Filter>
    </ClCompile>
    <ClCompile Include="ThreadLake.cpp">
      <Filter>labourer</Filter>
    </ClCompile>
    <ClCompile Include="secretary_exception.cpp">
      <Filter>exceptions</Filter>
    </ClCompile>
    <ClCompile Include="utility.cpp">
      <Filter>assistant</Filter>
    </ClCompile>
    <ClCompile Include="astring.cpp">
      <Filter>framework</Filter>
    </ClCompile>
    <ClCompile Include="logger.cpp">
      <Filter>secretary</Filter>
    </ClCompile>
    <ClCompile Include="Command.cpp">
      <Filter>commander</Filter>
    </ClCompile>
    <ClCompile Include="commander_exception.cpp">
      <Filter>exceptions</Filter>
    </ClCompile>
    <ClCompile Include="ScanCenter.cpp">
      <Filter>secretary</Filter>
    </ClCompile>
    <ClCompile Include="secretary_streambuf.cpp">
      <Filter>secretary</Filter>
    </ClCompile>
    <ClCompile Include="write_first_mutex.cpp">
      <Filter>labourer</Filter>
    </ClCompile>
    <ClCompile Include="factory.cpp">
      <Filter>expressman</Filter>
    </ClCompile>
  </ItemGroup>
</Project>