<?xml version="1.0" encoding="utf-8"?>
<Project ToolsVersion="4.0" xmlns="http://schemas.microsoft.com/developer/msbuild/2003">
  <ItemGroup>
    <Filter Include="archivist">
      <UniqueIdentifier>{c0ad5098-ca16-43a9-8848-05d0890eb085}</UniqueIdentifier>
    </Filter>
    <Filter Include="assistant">
      <UniqueIdentifier>{1980ef56-f51c-4155-b2e5-b70cf485b51f}</UniqueIdentifier>
    </Filter>
    <Filter Include="framework">
      <UniqueIdentifier>{a3910d1b-c00f-429d-a866-13eeb7716c7d}</UniqueIdentifier>
    </Filter>
    <Filter Include="labourer">
      <UniqueIdentifier>{37d2b6d6-4f9b-40a6-b448-8567d7bb5f29}</UniqueIdentifier>
    </Filter>
    <Filter Include="referee">
      <UniqueIdentifier>{9560048a-02ac-4da5-aa55-e975c92f12b9}</UniqueIdentifier>
    </Filter>
    <Filter Include="secretary">
      <UniqueIdentifier>{c8a6a01b-75fb-43f1-b847-2020421927f4}</UniqueIdentifier>
    </Filter>
    <Filter Include="expressman">
      <UniqueIdentifier>{70eabe94-9b1a-40fa-b98e-a85ccca86740}</UniqueIdentifier>
    </Filter>
  </ItemGroup>
  <ItemGroup>
    <ClCompile Include="PrintCenter.ixx" />
    <ClCompile Include="astring.ixx" />
    <ClCompile Include="exceptions.ixx" />
    <ClCompile Include="AtomicMutex.ixx" />
    <ClCompile Include="log.ixx" />
    <ClCompile Include="utilities.ixx" />
    <ClCompile Include="ThreadLake.ixx" />
  </ItemGroup>
</Project>